
Microsoft Visual Studio Solution File, Format Version 12.00
# Visual Studio 15
Project("{FAE04EC0-301F-11D3-BF4B-00C04F79EFBC}") = "Assembly-CSharp", "Assembly-CSharp.csproj", "{BFCA4620-9B74-F1D4-9360-A9D419FC3AFF}"
EndProject
Project("{FAE04EC0-301F-11D3-BF4B-00C04F79EFBC}") = "Assembly-CSharp-Editor", "Assembly-CSharp-Editor.csproj", "{01467F5D-EA2E-E698-6906-A3D36829EA85}"
EndProject
Global
	GlobalSection(SolutionConfigurationPlatforms) = preSolution
		Debug|Any CPU = Debug|Any CPU
		Release|Any CPU = Release|Any CPU
	EndGlobalSection
	GlobalSection(ProjectConfigurationPlatforms) = postSolution
		{BFCA4620-9B74-F1D4-9360-A9D419FC3AFF}.Debug|Any CPU.ActiveCfg = Debug|Any CPU
		{BFCA4620-9B74-F1D4-9360-A9D419FC3AFF}.Debug|Any CPU.Build.0 = Debug|Any CPU
		{BFCA4620-9B74-F1D4-9360-A9D419FC3AFF}.Release|Any CPU.ActiveCfg = Release|Any CPU
		{BFCA4620-9B74-F1D4-9360-A9D419FC3AFF}.Release|Any CPU.Build.0 = Release|Any CPU
		{01467F5D-EA2E-E698-6906-A3D36829EA85}.Debug|Any CPU.ActiveCfg = Debug|Any CPU
		{01467F5D-EA2E-E698-6906-A3D36829EA85}.Debug|Any CPU.Build.0 = Debug|Any CPU
		{01467F5D-EA2E-E698-6906-A3D36829EA85}.Release|Any CPU.ActiveCfg = Release|Any CPU
		{01467F5D-EA2E-E698-6906-A3D36829EA85}.Release|Any CPU.Build.0 = Release|Any CPU
	EndGlobalSection
	GlobalSection(SolutionProperties) = preSolution
		HideSolutionNode = FALSE
	EndGlobalSection
EndGlobal
